
Microsoft Visual Studio Solution File, Format Version 12.00
# Visual Studio Version 17
VisualStudioVersion = 17.4.33403.182
MinimumVisualStudioVersion = 10.0.40219.1
Project("{FAE04EC0-301F-11D3-BF4B-00C04F79EFBC}") = "DioDocsWebApiAzContainerApps", "DioDocsWebApiAzContainerApps\DioDocsWebApiAzContainerApps.csproj", "{0BB5ADDB-6089-4C1C-B469-01D9541013AE}"
EndProject
Global
	GlobalSection(SolutionConfigurationPlatforms) = preSolution
		Debug|Any CPU = Debug|Any CPU
		Release|Any CPU = Release|Any CPU
	EndGlobalSection
	GlobalSection(ProjectConfigurationPlatforms) = postSolution
		{0BB5ADDB-6089-4C1C-B469-01D9541013AE}.Debug|Any CPU.ActiveCfg = Debug|Any CPU
		{0BB5ADDB-6089-4C1C-B469-01D9541013AE}.Debug|Any CPU.Build.0 = Debug|Any CPU
		{0BB5ADDB-6089-4C1C-B469-01D9541013AE}.Release|Any CPU.ActiveCfg = Release|Any CPU
		{0BB5ADDB-6089-4C1C-B469-01D9541013AE}.Release|Any CPU.Build.0 = Release|Any CPU
	EndGlobalSection
	GlobalSection(SolutionProperties) = preSolution
		HideSolutionNode = FALSE
	EndGlobalSection
	GlobalSection(ExtensibilityGlobals) = postSolution
		SolutionGuid = {3453B7DC-52EF-4ED4-91A5-8F1B5D65F7CF}
	EndGlobalSection
EndGlobal
